
Microsoft Visual Studio Solution File, Format Version 12.00
# Visual Studio Version 17
VisualStudioVersion = 17.8.34408.163
MinimumVisualStudioVersion = 10.0.40219.1
Project("{9A19103F-16F7-4668-BE54-9A1E7A4F7556}") = "YAHALLO", "YAHALLO\YAHALLO.csproj", "{626A7D51-2054-4BF4-891C-B2FBC7E429D3}"
EndProject
Project("{9A19103F-16F7-4668-BE54-9A1E7A4F7556}") = "YAHALLO.Application", "YAHALLO.Application\YAHALLO.Application.csproj", "{1B8EBE15-CC44-4316-B926-E4AD2809DB32}"
EndProject
Project("{2150E333-8FDC-42A3-9474-1A3956D46DE8}") = "API", "API", "{BFA58C48-3E1E-40C1-B957-602EC9CC6A2F}"
EndProject
Project("{2150E333-8FDC-42A3-9474-1A3956D46DE8}") = "Application", "Application", "{924E5C27-BF3E-4DFA-8547-086FC81AB676}"
EndProject
Project("{2150E333-8FDC-42A3-9474-1A3956D46DE8}") = "Infrastructure", "Infrastructure", "{823C2252-0E8D-4DA7-9FFF-3B00D5815AB0}"
EndProject
Project("{2150E333-8FDC-42A3-9474-1A3956D46DE8}") = "Domain", "Domain", "{9CBD7A4B-71FF-4614-A169-FFA9E9CB3512}"
EndProject
Project("{FAE04EC0-301F-11D3-BF4B-00C04F79EFBC}") = "YAHALLO.Domain", "YAHALLO.Domain\YAHALLO.Domain.csproj", "{EEE1A64D-E31D-40D9-A066-1C8A5F26E06D}"
EndProject
Project("{FAE04EC0-301F-11D3-BF4B-00C04F79EFBC}") = "YAHALLO.Infrastructure", "YAHALLO.Infrastructure\YAHALLO.Infrastructure.csproj", "{CE863B61-8557-4278-9BD7-E2C6765579A6}"
EndProject
Global
	GlobalSection(SolutionConfigurationPlatforms) = preSolution
		Debug|Any CPU = Debug|Any CPU
		Release|Any CPU = Release|Any CPU
	EndGlobalSection
	GlobalSection(ProjectConfigurationPlatforms) = postSolution
		{626A7D51-2054-4BF4-891C-B2FBC7E429D3}.Debug|Any CPU.ActiveCfg = Debug|Any CPU
		{626A7D51-2054-4BF4-891C-B2FBC7E429D3}.Debug|Any CPU.Build.0 = Debug|Any CPU
		{626A7D51-2054-4BF4-891C-B2FBC7E429D3}.Release|Any CPU.ActiveCfg = Release|Any CPU
		{626A7D51-2054-4BF4-891C-B2FBC7E429D3}.Release|Any CPU.Build.0 = Release|Any CPU
		{1B8EBE15-CC44-4316-B926-E4AD2809DB32}.Debug|Any CPU.ActiveCfg = Debug|Any CPU
		{1B8EBE15-CC44-4316-B926-E4AD2809DB32}.Debug|Any CPU.Build.0 = Debug|Any CPU
		{1B8EBE15-CC44-4316-B926-E4AD2809DB32}.Release|Any CPU.ActiveCfg = Release|Any CPU
		{1B8EBE15-CC44-4316-B926-E4AD2809DB32}.Release|Any CPU.Build.0 = Release|Any CPU
		{EEE1A64D-E31D-40D9-A066-1C8A5F26E06D}.Debug|Any CPU.ActiveCfg = Debug|Any CPU
		{EEE1A64D-E31D-40D9-A066-1C8A5F26E06D}.Debug|Any CPU.Build.0 = Debug|Any CPU
		{EEE1A64D-E31D-40D9-A066-1C8A5F26E06D}.Release|Any CPU.ActiveCfg = Release|Any CPU
		{EEE1A64D-E31D-40D9-A066-1C8A5F26E06D}.Release|Any CPU.Build.0 = Release|Any CPU
		{CE863B61-8557-4278-9BD7-E2C6765579A6}.Debug|Any CPU.ActiveCfg = Debug|Any CPU
		{CE863B61-8557-4278-9BD7-E2C6765579A6}.Debug|Any CPU.Build.0 = Debug|Any CPU
		{CE863B61-8557-4278-9BD7-E2C6765579A6}.Release|Any CPU.ActiveCfg = Release|Any CPU
		{CE863B61-8557-4278-9BD7-E2C6765579A6}.Release|Any CPU.Build.0 = Release|Any CPU
	EndGlobalSection
	GlobalSection(SolutionProperties) = preSolution
		HideSolutionNode = FALSE
	EndGlobalSection
	GlobalSection(NestedProjects) = preSolution
		{626A7D51-2054-4BF4-891C-B2FBC7E429D3} = {BFA58C48-3E1E-40C1-B957-602EC9CC6A2F}
		{1B8EBE15-CC44-4316-B926-E4AD2809DB32} = {924E5C27-BF3E-4DFA-8547-086FC81AB676}
		{EEE1A64D-E31D-40D9-A066-1C8A5F26E06D} = {9CBD7A4B-71FF-4614-A169-FFA9E9CB3512}
		{CE863B61-8557-4278-9BD7-E2C6765579A6} = {823C2252-0E8D-4DA7-9FFF-3B00D5815AB0}
	EndGlobalSection
	GlobalSection(ExtensibilityGlobals) = postSolution
		SolutionGuid = {A6BB0E98-0BAE-4A91-925B-DB8E592EBE09}
	EndGlobalSection
EndGlobal
